// !$*UTF8*$!
{
	archiveVersion = 1;
	classes = {
	};
	objectVersion = 56;
	objects = {

/* Begin PBXBuildFile section */
		D308098229B6FD8E00F2204F /* AppDelegate.swift in Sources */ = {isa = PBXBuildFile; fileRef = D308098129B6FD8E00F2204F /* AppDelegate.swift */; };
		D308098429B6FD8E00F2204F /* SceneDelegate.swift in Sources */ = {isa = PBXBuildFile; fileRef = D308098329B6FD8E00F2204F /* SceneDelegate.swift */; };
		D308098629B6FD8E00F2204F /* ViewController.swift in Sources */ = {isa = PBXBuildFile; fileRef = D308098529B6FD8E00F2204F /* ViewController.swift */; };
		D308098929B6FD8E00F2204F /* Main.storyboard in Resources */ = {isa = PBXBuildFile; fileRef = D308098729B6FD8E00F2204F /* Main.storyboard */; };
		D308098B29B6FD8F00F2204F /* Assets.xcassets in Resources */ = {isa = PBXBuildFile; fileRef = D308098A29B6FD8F00F2204F /* Assets.xcassets */; };
		D308098E29B6FD8F00F2204F /* LaunchScreen.storyboard in Resources */ = {isa = PBXBuildFile; fileRef = D308098C29B6FD8F00F2204F /* LaunchScreen.storyboard */; };
		D308099929B6FD8F00F2204F /* ImageViewTests.swift in Sources */ = {isa = PBXBuildFile; fileRef = D308099829B6FD8F00F2204F /* ImageViewTests.swift */; };
		D30809A329B6FD8F00F2204F /* ImageViewUITests.swift in Sources */ = {isa = PBXBuildFile; fileRef = D30809A229B6FD8F00F2204F /* ImageViewUITests.swift */; };
		D30809A529B6FD8F00F2204F /* ImageViewUITestsLaunchTests.swift in Sources */ = {isa = PBXBuildFile; fileRef = D30809A429B6FD8F00F2204F /* ImageViewUITestsLaunchTests.swift */; };
		D30809B329B6FE3500F2204F /* lamp_off.png in Resources */ = {isa = PBXBuildFile; fileRef = D30809B129B6FE3500F2204F /* lamp_off.png */; };
		D30809B429B6FE3500F2204F /* lamp_on.png in Resources */ = {isa = PBXBuildFile; fileRef = D30809B229B6FE3500F2204F /* lamp_on.png */; };
/* End PBXBuildFile section */

/* Begin PBXContainerItemProxy section */
		D308099529B6FD8F00F2204F /* PBXContainerItemProxy */ = {
			isa = PBXContainerItemProxy;
			containerPortal = D308097629B6FD8E00F2204F /* Project object */;
			proxyType = 1;
			remoteGlobalIDString = D308097D29B6FD8E00F2204F;
			remoteInfo = ImageView;
		};
		D308099F29B6FD8F00F2204F /* PBXContainerItemProxy */ = {
			isa = PBXContainerItemProxy;
			containerPortal = D308097629B6FD8E00F2204F /* Project object */;
			proxyType = 1;
			remoteGlobalIDString = D308097D29B6FD8E00F2204F;
			remoteInfo = ImageView;
		};
/* End PBXContainerItemProxy section */

/* Begin PBXFileReference section */
		D308097E29B6FD8E00F2204F /* ImageView.app */ = {isa = PBXFileReference; explicitFileType = wrapper.application; includeInIndex = 0; path = ImageView.app; sourceTree = BUILT_PRODUCTS_DIR; };
		D308098129B6FD8E00F2204F /* AppDelegate.swift */ = {isa = PBXFileReference; lastKnownFileType = sourcecode.swift; path = AppDelegate.swift; sourceTree = "<group>"; };
		D308098329B6FD8E00F2204F /* SceneDelegate.swift */ = {isa = PBXFileReference; lastKnownFileType = sourcecode.swift; path = SceneDelegate.swift; sourceTree = "<group>"; };
		D308098529B6FD8E00F2204F /* ViewController.swift */ = {isa = PBXFileReference; lastKnownFileType = sourcecode.swift; path = ViewController.swift; sourceTree = "<group>"; };
		D308098829B6FD8E00F2204F /* Base */ = {isa = PBXFileReference; lastKnownFileType = file.storyboard; name = Base; path = Base.lproj/Main.storyboard; sourceTree = "<group>"; };
		D308098A29B6FD8F00F2204F /* Assets.xcassets */ = {isa = PBXFileReference; lastKnownFileType = folder.assetcatalog; path = Assets.xcassets; sourceTree = "<group>"; };
		D308098D29B6FD8F00F2204F /* Base */ = {isa = PBXFileReference; lastKnownFileType = file.storyboard; name = Base; path = Base.lproj/LaunchScreen.storyboard; sourceTree = "<group>"; };
		D308098F29B6FD8F00F2204F /* Info.plist */ = {isa = PBXFileReference; lastKnownFileType = text.plist.xml; path = Info.plist; sourceTree = "<group>"; };
		D308099429B6FD8F00F2204F /* ImageViewTests.xctest */ = {isa = PBXFileReference; explicitFileType = wrapper.cfbundle; includeInIndex = 0; path = ImageViewTests.xctest; sourceTree = BUILT_PRODUCTS_DIR; };
		D308099829B6FD8F00F2204F /* ImageViewTests.swift */ = {isa = PBXFileReference; lastKnownFileType = sourcecode.swift; path = ImageViewTests.swift; sourceTree = "<group>"; };
		D308099E29B6FD8F00F2204F /* ImageViewUITests.xctest */ = {isa = PBXFileReference; explicitFileType = wrapper.cfbundle; includeInIndex = 0; path = ImageViewUITests.xctest; sourceTree = BUILT_PRODUCTS_DIR; };
		D30809A229B6FD8F00F2204F /* ImageViewUITests.swift */ = {isa = PBXFileReference; lastKnownFileType = sourcecode.swift; path = ImageViewUITests.swift; sourceTree = "<group>"; };
		D30809A429B6FD8F00F2204F /* ImageViewUITestsLaunchTests.swift */ = {isa = PBXFileReference; lastKnownFileType = sourcecode.swift; path = ImageViewUITestsLaunchTests.swift; sourceTree = "<group>"; };
		D30809B129B6FE3500F2204F /* lamp_off.png */ = {isa = PBXFileReference; lastKnownFileType = image.png; path = lamp_off.png; sourceTree = "<group>"; };
		D30809B229B6FE3500F2204F /* lamp_on.png */ = {isa = PBXFileReference; lastKnownFileType = image.png; path = lamp_on.png; sourceTree = "<group>"; };
/* End PBXFileReference section */

/* Begin PBXFrameworksBuildPhase section */
		D308097B29B6FD8E00F2204F /* Frameworks */ = {
			isa = PBXFrameworksBuildPhase;
			buildActionMask = 2147483647;
			files = (
			);
			runOnlyForDeploymentPostprocessing = 0;
		};
		D308099129B6FD8F00F2204F /* Frameworks */ = {
			isa = PBXFrameworksBuildPhase;
			buildActionMask = 2147483647;
			files = (
			);
			runOnlyForDeploymentPostprocessing = 0;
		};
		D308099B29B6FD8F00F2204F /* Frameworks */ = {
			isa = PBXFrameworksBuildPhase;
			buildActionMask = 2147483647;
			files = (
			);
			runOnlyForDeploymentPostprocessing = 0;
		};
/* End PBXFrameworksBuildPhase section */

/* Begin PBXGroup section */
		D308097529B6FD8E00F2204F = {
			isa = PBXGroup;
			children = (
				D308098029B6FD8E00F2204F /* ImageView */,
				D308099729B6FD8F00F2204F /* ImageViewTests */,
				D30809A129B6FD8F00F2204F /* ImageViewUITests */,
				D308097F29B6FD8E00F2204F /* Products */,
			);
			sourceTree = "<group>";
		};
		D308097F29B6FD8E00F2204F /* Products */ = {
			isa = PBXGroup;
			children = (
				D308097E29B6FD8E00F2204F /* ImageView.app */,
				D308099429B6FD8F00F2204F /* ImageViewTests.xctest */,
				D308099E29B6FD8F00F2204F /* ImageViewUITests.xctest */,
			);
			name = Products;
			sourceTree = "<group>";
		};
		D308098029B6FD8E00F2204F /* ImageView */ = {
			isa = PBXGroup;
			children = (
				D308098129B6FD8E00F2204F /* AppDelegate.swift */,
				D308098329B6FD8E00F2204F /* SceneDelegate.swift */,
				D308098529B6FD8E00F2204F /* ViewController.swift */,
				D308098729B6FD8E00F2204F /* Main.storyboard */,
				D30809B129B6FE3500F2204F /* lamp_off.png */,
				D30809B229B6FE3500F2204F /* lamp_on.png */,
				D308098A29B6FD8F00F2204F /* Assets.xcassets */,
				D308098C29B6FD8F00F2204F /* LaunchScreen.storyboard */,
				D308098F29B6FD8F00F2204F /* Info.plist */,
			);
			path = ImageView;
			sourceTree = "<group>";
		};
		D308099729B6FD8F00F2204F /* ImageViewTests */ = {
			isa = PBXGroup;
			children = (
				D308099829B6FD8F00F2204F /* ImageViewTests.swift */,
			);
			path = ImageViewTests;
			sourceTree = "<group>";
		};
		D30809A129B6FD8F00F2204F /* ImageViewUITests */ = {
			isa = PBXGroup;
			children = (
				D30809A229B6FD8F00F2204F /* ImageViewUITests.swift */,
				D30809A429B6FD8F00F2204F /* ImageViewUITestsLaunchTests.swift */,
			);
			path = ImageViewUITests;
			sourceTree = "<group>";
		};
/* End PBXGroup section */

/* Begin PBXNativeTarget section */
		D308097D29B6FD8E00F2204F /* ImageView */ = {
			isa = PBXNativeTarget;
			buildConfigurationList = D30809A829B6FD8F00F2204F /* Build configuration list for PBXNativeTarget "ImageView" */;
			buildPhases = (
				D308097A29B6FD8E00F2204F /* Sources */,
				D308097B29B6FD8E00F2204F /* Frameworks */,
				D308097C29B6FD8E00F2204F /* Resources */,
			);
			buildRules = (
			);
			dependencies = (
			);
			name = ImageView;
			productName = ImageView;
			productReference = D308097E29B6FD8E00F2204F /* ImageView.app */;
			productType = "com.apple.product-type.application";
		};
		D308099329B6FD8F00F2204F /* ImageViewTests */ = {
			isa = PBXNativeTarget;
			buildConfigurationList = D30809AB29B6FD8F00F2204F /* Build configuration list for PBXNativeTarget "ImageViewTests" */;
			buildPhases = (
				D308099029B6FD8F00F2204F /* Sources */,
				D308099129B6FD8F00F2204F /* Frameworks */,
				D308099229B6FD8F00F2204F /* Resources */,
			);
			buildRules = (
			);
			dependencies = (
				D308099629B6FD8F00F2204F /* PBXTargetDependency */,
			);
			name = ImageViewTests;
			productName = ImageViewTests;
			productReference = D308099429B6FD8F00F2204F /* ImageViewTests.xctest */;
			productType = "com.apple.product-type.bundle.unit-test";
		};
		D308099D29B6FD8F00F2204F /* ImageViewUITests */ = {
			isa = PBXNativeTarget;
			buildConfigurationList = D30809AE29B6FD8F00F2204F /* Build configuration list for PBXNativeTarget "ImageViewUITests" */;
			buildPhases = (
				D308099A29B6FD8F00F2204F /* Sources */,
				D308099B29B6FD8F00F2204F /* Frameworks */,
				D308099C29B6FD8F00F2204F /* Resources */,
			);
			buildRules = (
			);
			dependencies = (
				D30809A029B6FD8F00F2204F /* PBXTargetDependency */,
			);
			name = ImageViewUITests;
			productName = ImageViewUITests;
			productReference = D308099E29B6FD8F00F2204F /* ImageViewUITests.xctest */;
			productType = "com.apple.product-type.bundle.ui-testing";
		};
/* End PBXNativeTarget section */

/* Begin PBXProject section */
		D308097629B6FD8E00F2204F /* Project object */ = {
			isa = PBXProject;
			attributes = {
				BuildIndependentTargetsInParallel = 1;
				LastSwiftUpdateCheck = 1420;
				LastUpgradeCheck = 1420;
				TargetAttributes = {
					D308097D29B6FD8E00F2204F = {
						CreatedOnToolsVersion = 14.2;
					};
					D308099329B6FD8F00F2204F = {
						CreatedOnToolsVersion = 14.2;
						TestTargetID = D308097D29B6FD8E00F2204F;
					};
					D308099D29B6FD8F00F2204F = {
						CreatedOnToolsVersion = 14.2;
						TestTargetID = D308097D29B6FD8E00F2204F;
					};
				};
			};
			buildConfigurationList = D308097929B6FD8E00F2204F /* Build configuration list for PBXProject "ImageView" */;
			compatibilityVersion = "Xcode 14.0";
			developmentRegion = en;
			hasScannedForEncodings = 0;
			knownRegions = (
				en,
				Base,
			);
			mainGroup = D308097529B6FD8E00F2204F;
			productRefGroup = D308097F29B6FD8E00F2204F /* Products */;
			projectDirPath = "";
			projectRoot = "";
			targets = (
				D308097D29B6FD8E00F2204F /* ImageView */,
				D308099329B6FD8F00F2204F /* ImageViewTests */,
				D308099D29B6FD8F00F2204F /* ImageViewUITests */,
			);
		};
/* End PBXProject section */

/* Begin PBXResourcesBuildPhase section */
		D308097C29B6FD8E00F2204F /* Resources */ = {
			isa = PBXResourcesBuildPhase;
			buildActionMask = 2147483647;
			files = (
				D308098E29B6FD8F00F2204F /* LaunchScreen.storyboard in Resources */,
				D308098B29B6FD8F00F2204F /* Assets.xcassets in Resources */,
				D30809B429B6FE3500F2204F /* lamp_on.png in Resources */,
				D308098929B6FD8E00F2204F /* Main.storyboard in Resources */,
				D30809B329B6FE3500F2204F /* lamp_off.png in Resources */,
			);
			runOnlyForDeploymentPostprocessing = 0;
		};
		D308099229B6FD8F00F2204F /* Resources */ = {
			isa = PBXResourcesBuildPhase;
			buildActionMask = 2147483647;
			files = (
			);
			runOnlyForDeploymentPostprocessing = 0;
		};
		D308099C29B6FD8F00F2204F /* Resources */ = {
			isa = PBXResourcesBuildPhase;
			buildActionMask = 2147483647;
			files = (
			);
			runOnlyForDeploymentPostprocessing = 0;
		};
/* End PBXResourcesBuildPhase section */

/* Begin PBXSourcesBuildPhase section */
		D308097A29B6FD8E00F2204F /* Sources */ = {
			isa = PBXSourcesBuildPhase;
			buildActionMask = 2147483647;
			files = (
				D308098629B6FD8E00F2204F /* ViewController.swift in Sources */,
				D308098229B6FD8E00F2204F /* AppDelegate.swift in Sources */,
				D308098429B6FD8E00F2204F /* SceneDelegate.swift in Sources */,
			);
			runOnlyForDeploymentPostprocessing = 0;
		};
		D308099029B6FD8F00F2204F /* Sources */ = {
			isa = PBXSourcesBuildPhase;
			buildActionMask = 2147483647;
			files = (
				D308099929B6FD8F00F2204F /* ImageViewTests.swift in Sources */,
			);
			runOnlyForDeploymentPostprocessing = 0;
		};
		D308099A29B6FD8F00F2204F /* Sources */ = {
			isa = PBXSourcesBuildPhase;
			buildActionMask = 2147483647;
			files = (
				D30809A329B6FD8F00F2204F /* ImageViewUITests.swift in Sources */,
				D30809A529B6FD8F00F2204F /* ImageViewUITestsLaunchTests.swift in Sources */,
			);
			runOnlyForDeploymentPostprocessing = 0;
		};
/* End PBXSourcesBuildPhase section */

/* Begin PBXTargetDependency section */
		D308099629B6FD8F00F2204F /* PBXTargetDependency */ = {
			isa = PBXTargetDependency;
			target = D308097D29B6FD8E00F2204F /* ImageView */;
			targetProxy = D308099529B6FD8F00F2204F /* PBXContainerItemProxy */;
		};
		D30809A029B6FD8F00F2204F /* PBXTargetDependency */ = {
			isa = PBXTargetDependency;
			target = D308097D29B6FD8E00F2204F /* ImageView */;
			targetProxy = D308099F29B6FD8F00F2204F /* PBXContainerItemProxy */;
		};
/* End PBXTargetDependency section */

/* Begin PBXVariantGroup section */
		D308098729B6FD8E00F2204F /* Main.storyboard */ = {
			isa = PBXVariantGroup;
			children = (
				D308098829B6FD8E00F2204F /* Base */,
			);
			name = Main.storyboard;
			sourceTree = "<group>";
		};
		D308098C29B6FD8F00F2204F /* LaunchScreen.storyboard */ = {
			isa = PBXVariantGroup;
			children = (
				D308098D29B6FD8F00F2204F /* Base */,
			);
			name = LaunchScreen.storyboard;
			sourceTree = "<group>";
		};
/* End PBXVariantGroup section */

/* Begin XCBuildConfiguration section */
		D30809A629B6FD8F00F2204F /* Debug */ = {
			isa = XCBuildConfiguration;
			buildSettings = {
				ALWAYS_SEARCH_USER_PATHS = NO;
				CLANG_ANALYZER_NONNULL = YES;
				CLANG_ANALYZER_NUMBER_OBJECT_CONVERSION = YES_AGGRESSIVE;
				CLANG_CXX_LANGUAGE_STANDARD = "gnu++20";
				CLANG_ENABLE_MODULES = YES;
				CLANG_ENABLE_OBJC_ARC = YES;
				CLANG_ENABLE_OBJC_WEAK = YES;
				CLANG_WARN_BLOCK_CAPTURE_AUTORELEASING = YES;
				CLANG_WARN_BOOL_CONVERSION = YES;
				CLANG_WARN_COMMA = YES;
				CLANG_WARN_CONSTANT_CONVERSION = YES;
				CLANG_WARN_DEPRECATED_OBJC_IMPLEMENTATIONS = YES;
				CLANG_WARN_DIRECT_OBJC_ISA_USAGE = YES_ERROR;
				CLANG_WARN_DOCUMENTATION_COMMENTS = YES;
				CLANG_WARN_EMPTY_BODY = YES;
				CLANG_WARN_ENUM_CONVERSION = YES;
				CLANG_WARN_INFINITE_RECURSION = YES;
				CLANG_WARN_INT_CONVERSION = YES;
				CLANG_WARN_NON_LITERAL_NULL_CONVERSION = YES;
				CLANG_WARN_OBJC_IMPLICIT_RETAIN_SELF = YES;
				CLANG_WARN_OBJC_LITERAL_CONVERSION = YES;
				CLANG_WARN_OBJC_ROOT_CLASS = YES_ERROR;
				CLANG_WARN_QUOTED_INCLUDE_IN_FRAMEWORK_HEADER = YES;
				CLANG_WARN_RANGE_LOOP_ANALYSIS = YES;
				CLANG_WARN_STRICT_PROTOTYPES = YES;
				CLANG_WARN_SUSPICIOUS_MOVE = YES;
				CLANG_WARN_UNGUARDED_AVAILABILITY = YES_AGGRESSIVE;
				CLANG_WARN_UNREACHABLE_CODE = YES;
				CLANG_WARN__DUPLICATE_METHOD_MATCH = YES;
				COPY_PHASE_STRIP = NO;
				DEBUG_INFORMATION_FORMAT = dwarf;
				ENABLE_STRICT_OBJC_MSGSEND = YES;
				ENABLE_TESTABILITY = YES;
				GCC_C_LANGUAGE_STANDARD = gnu11;
				GCC_DYNAMIC_NO_PIC = NO;
				GCC_NO_COMMON_BLOCKS = YES;
				GCC_OPTIMIZATION_LEVEL = 0;
				GCC_PREPROCESSOR_DEFINITIONS = (
					"DEBUG=1",
					"$(inherited)",
				);
				GCC_WARN_64_TO_32_BIT_CONVERSION = YES;
				GCC_WARN_ABOUT_RETURN_TYPE = YES_ERROR;
				GCC_WARN_UNDECLARED_SELECTOR = YES;
				GCC_WARN_UNINITIALIZED_AUTOS = YES_AGGRESSIVE;
				GCC_WARN_UNUSED_FUNCTION = YES;
				GCC_WARN_UNUSED_VARIABLE = YES;
				IPHONEOS_DEPLOYMENT_TARGET = 16.2;
				MTL_ENABLE_DEBUG_INFO = INCLUDE_SOURCE;
				MTL_FAST_MATH = YES;
				ONLY_ACTIVE_ARCH = YES;
				SDKROOT = iphoneos;
				SWIFT_ACTIVE_COMPILATION_CONDITIONS = DEBUG;
				SWIFT_OPTIMIZATION_LEVEL = "-Onone";
			};
			name = Debug;
		};
		D30809A729B6FD8F00F2204F /* Release */ = {
			isa = XCBuildConfiguration;
			buildSettings = {
				ALWAYS_SEARCH_USER_PATHS = NO;
				CLANG_ANALYZER_NONNULL = YES;
				CLANG_ANALYZER_NUMBER_OBJECT_CONVERSION = YES_AGGRESSIVE;
				CLANG_CXX_LANGUAGE_STANDARD = "gnu++20";
				CLANG_ENABLE_MODULES = YES;
				CLANG_ENABLE_OBJC_ARC = YES;
				CLANG_ENABLE_OBJC_WEAK = YES;
				CLANG_WARN_BLOCK_CAPTURE_AUTORELEASING = YES;
				CLANG_WARN_BOOL_CONVERSION = YES;
				CLANG_WARN_COMMA = YES;
				CLANG_WARN_CONSTANT_CONVERSION = YES;
				CLANG_WARN_DEPRECATED_OBJC_IMPLEMENTATIONS = YES;
				CLANG_WARN_DIRECT_OBJC_ISA_USAGE = YES_ERROR;
				CLANG_WARN_DOCUMENTATION_COMMENTS = YES;
				CLANG_WARN_EMPTY_BODY = YES;
				CLANG_WARN_ENUM_CONVERSION = YES;
				CLANG_WARN_INFINITE_RECURSION = YES;
				CLANG_WARN_INT_CONVERSION = YES;
				CLANG_WARN_NON_LITERAL_NULL_CONVERSION = YES;
				CLANG_WARN_OBJC_IMPLICIT_RETAIN_SELF = YES;
				CLANG_WARN_OBJC_LITERAL_CONVERSION = YES;
				CLANG_WARN_OBJC_ROOT_CLASS = YES_ERROR;
				CLANG_WARN_QUOTED_INCLUDE_IN_FRAMEWORK_HEADER = YES;
				CLANG_WARN_RANGE_LOOP_ANALYSIS = YES;
				CLANG_WARN_STRICT_PROTOTYPES = YES;
				CLANG_WARN_SUSPICIOUS_MOVE = YES;
				CLANG_WARN_UNGUARDED_AVAILABILITY = YES_AGGRESSIVE;
				CLANG_WARN_UNREACHABLE_CODE = YES;
				CLANG_WARN__DUPLICATE_METHOD_MATCH = YES;
				COPY_PHASE_STRIP = NO;
				DEBUG_INFORMATION_FORMAT = "dwarf-with-dsym";
				ENABLE_NS_ASSERTIONS = NO;
				ENABLE_STRICT_OBJC_MSGSEND = YES;
				GCC_C_LANGUAGE_STANDARD = gnu11;
				GCC_NO_COMMON_BLOCKS = YES;
				GCC_WARN_64_TO_32_BIT_CONVERSION = YES;
				GCC_WARN_ABOUT_RETURN_TYPE = YES_ERROR;
				GCC_WARN_UNDECLARED_SELECTOR = YES;
				GCC_WARN_UNINITIALIZED_AUTOS = YES_AGGRESSIVE;
				GCC_WARN_UNUSED_FUNCTION = YES;
				GCC_WARN_UNUSED_VARIABLE = YES;
				IPHONEOS_DEPLOYMENT_TARGET = 16.2;
				MTL_ENABLE_DEBUG_INFO = NO;
				MTL_FAST_MATH = YES;
				SDKROOT = iphoneos;
				SWIFT_COMPILATION_MODE = wholemodule;
				SWIFT_OPTIMIZATION_LEVEL = "-O";
				VALIDATE_PRODUCT = YES;
			};
			name = Release;
		};
		D30809A929B6FD8F00F2204F /* Debug */ = {
			isa = XCBuildConfiguration;
			buildSettings = {
				ASSETCATALOG_COMPILER_APPICON_NAME = AppIcon;
				ASSETCATALOG_COMPILER_GLOBAL_ACCENT_COLOR_NAME = AccentColor;
				CODE_SIGN_STYLE = Automatic;
				CURRENT_PROJECT_VERSION = 1;
				GENERATE_INFOPLIST_FILE = YES;
				INFOPLIST_FILE = ImageView/Info.plist;
				INFOPLIST_KEY_UIApplicationSupportsIndirectInputEvents = YES;
				INFOPLIST_KEY_UILaunchStoryboardName = LaunchScreen;
				INFOPLIST_KEY_UIMainStoryboardFile = Main;
				INFOPLIST_KEY_UISupportedInterfaceOrientations_iPad = "UIInterfaceOrientationPortrait UIInterfaceOrientationPortraitUpsideDown UIInterfaceOrientationLandscapeLeft UIInterfaceOrientationLandscapeRight";
				INFOPLIST_KEY_UISupportedInterfaceOrientations_iPhone = "UIInterfaceOrientationPortrait UIInterfaceOrientationLandscapeLeft UIInterfaceOrientationLandscapeRight";
				LD_RUNPATH_SEARCH_PATHS = (
					"$(inherited)",
					"@executable_path/Frameworks",
				);
				MARKETING_VERSION = 1.0;
				PRODUCT_BUNDLE_IDENTIFIER = com.yourcompany.ImageView;
				PRODUCT_NAME = "$(TARGET_NAME)";
				SWIFT_EMIT_LOC_STRINGS = YES;
				SWIFT_VERSION = 5.0;
				TARGETED_DEVICE_FAMILY = "1,2";
			};
			name = Debug;
		};
		D30809AA29B6FD8F00F2204F /* Release */ = {
			isa = XCBuildConfiguration;
			buildSettings = {
				ASSETCATALOG_COMPILER_APPICON_NAME = AppIcon;
				ASSETCATALOG_COMPILER_GLOBAL_ACCENT_COLOR_NAME = AccentColor;
				CODE_SIGN_STYLE = Automatic;
				CURRENT_PROJECT_VERSION = 1;
				GENERATE_INFOPLIST_FILE = YES;
				INFOPLIST_FILE = ImageView/Info.plist;
				INFOPLIST_KEY_UIApplicationSupportsIndirectInputEvents = YES;
				INFOPLIST_KEY_UILaunchStoryboardName = LaunchScreen;
				INFOPLIST_KEY_UIMainStoryboardFile = Main;
				INFOPLIST_KEY_UISupportedInterfaceOrientations_iPad = "UIInterfaceOrientationPortrait UIInterfaceOrientationPortraitUpsideDown UIInterfaceOrientationLandscapeLeft UIInterfaceOrientationLandscapeRight";
				INFOPLIST_KEY_UISupportedInterfaceOrientations_iPhone = "UIInterfaceOrientationPortrait UIInterfaceOrientationLandscapeLeft UIInterfaceOrientationLandscapeRight";
				LD_RUNPATH_SEARCH_PATHS = (
					"$(inherited)",
					"@executable_path/Frameworks",
				);
				MARKETING_VERSION = 1.0;
				PRODUCT_BUNDLE_IDENTIFIER = com.yourcompany.ImageView;
				PRODUCT_NAME = "$(TARGET_NAME)";
				SWIFT_EMIT_LOC_STRINGS = YES;
				SWIFT_VERSION = 5.0;
				TARGETED_DEVICE_FAMILY = "1,2";
			};
			name = Release;
		};
		D30809AC29B6FD8F00F2204F /* Debug */ = {
			isa = XCBuildConfiguration;
			buildSettings = {
				ALWAYS_EMBED_SWIFT_STANDARD_LIBRARIES = YES;
				BUNDLE_LOADER = "$(TEST_HOST)";
				CODE_SIGN_STYLE = Automatic;
				CURRENT_PROJECT_VERSION = 1;
				GENERATE_INFOPLIST_FILE = YES;
				IPHONEOS_DEPLOYMENT_TARGET = 16.2;
				MARKETING_VERSION = 1.0;
				PRODUCT_BUNDLE_IDENTIFIER = com.yourcompany.ImageViewTests;
				PRODUCT_NAME = "$(TARGET_NAME)";
				SWIFT_EMIT_LOC_STRINGS = NO;
				SWIFT_VERSION = 5.0;
				TARGETED_DEVICE_FAMILY = "1,2";
				TEST_HOST = "$(BUILT_PRODUCTS_DIR)/ImageView.app/$(BUNDLE_EXECUTABLE_FOLDER_PATH)/ImageView";
			};
			name = Debug;
		};
		D30809AD29B6FD8F00F2204F /* Release */ = {
			isa = XCBuildConfiguration;
			buildSettings = {
				ALWAYS_EMBED_SWIFT_STANDARD_LIBRARIES = YES;
				BUNDLE_LOADER = "$(TEST_HOST)";
				CODE_SIGN_STYLE = Automatic;
				CURRENT_PROJECT_VERSION = 1;
				GENERATE_INFOPLIST_FILE = YES;
				IPHONEOS_DEPLOYMENT_TARGET = 16.2;
				MARKETING_VERSION = 1.0;
				PRODUCT_BUNDLE_IDENTIFIER = com.yourcompany.ImageViewTests;
				PRODUCT_NAME = "$(TARGET_NAME)";
				SWIFT_EMIT_LOC_STRINGS = NO;
				SWIFT_VERSION = 5.0;
				TARGETED_DEVICE_FAMILY = "1,2";
				TEST_HOST = "$(BUILT_PRODUCTS_DIR)/ImageView.app/$(BUNDLE_EXECUTABLE_FOLDER_PATH)/ImageView";
			};
			name = Release;
		};
		D30809AF29B6FD8F00F2204F /* Debug */ = {
			isa = XCBuildConfiguration;
			buildSettings = {
				ALWAYS_EMBED_SWIFT_STANDARD_LIBRARIES = YES;
				CODE_SIGN_STYLE = Automatic;
				CURRENT_PROJECT_VERSION = 1;
				GENERATE_INFOPLIST_FILE = YES;
				MARKETING_VERSION = 1.0;
				PRODUCT_BUNDLE_IDENTIFIER = com.yourcompany.ImageViewUITests;
				PRODUCT_NAME = "$(TARGET_NAME)";
				SWIFT_EMIT_LOC_STRINGS = NO;
				SWIFT_VERSION = 5.0;
				TARGETED_DEVICE_FAMILY = "1,2";
				TEST_TARGET_NAME = ImageView;
			};
			name = Debug;
		};
		D30809B029B6FD8F00F2204F /* Release */ = {
			isa = XCBuildConfiguration;
			buildSettings = {
				ALWAYS_EMBED_SWIFT_STANDARD_LIBRARIES = YES;
				CODE_SIGN_STYLE = Automatic;
				CURRENT_PROJECT_VERSION = 1;
				GENERATE_INFOPLIST_FILE = YES;
				MARKETING_VERSION = 1.0;
				PRODUCT_BUNDLE_IDENTIFIER = com.yourcompany.ImageViewUITests;
				PRODUCT_NAME = "$(TARGET_NAME)";
				SWIFT_EMIT_LOC_STRINGS = NO;
				SWIFT_VERSION = 5.0;
				TARGETED_DEVICE_FAMILY = "1,2";
				TEST_TARGET_NAME = ImageView;
			};
			name = Release;
		};
/* End XCBuildConfiguration section */

/* Begin XCConfigurationList section */
		D308097929B6FD8E00F2204F /* Build configuration list for PBXProject "ImageView" */ = {
			isa = XCConfigurationList;
			buildConfigurations = (
				D30809A629B6FD8F00F2204F /* Debug */,
				D30809A729B6FD8F00F2204F /* Release */,
			);
			defaultConfigurationIsVisible = 0;
			defaultConfigurationName = Release;
		};
		D30809A829B6FD8F00F2204F /* Build configuration list for PBXNativeTarget "ImageView" */ = {
			isa = XCConfigurationList;
			buildConfigurations = (
				D30809A929B6FD8F00F2204F /* Debug */,
				D30809AA29B6FD8F00F2204F /* Release */,
			);
			defaultConfigurationIsVisible = 0;
			defaultConfigurationName = Release;
		};
		D30809AB29B6FD8F00F2204F /* Build configuration list for PBXNativeTarget "ImageViewTests" */ = {
			isa = XCConfigurationList;
			buildConfigurations = (
				D30809AC29B6FD8F00F2204F /* Debug */,
				D30809AD29B6FD8F00F2204F /* Release */,
			);
			defaultConfigurationIsVisible = 0;
			defaultConfigurationName = Release;
		};
		D30809AE29B6FD8F00F2204F /* Build configuration list for PBXNativeTarget "ImageViewUITests" */ = {
			isa = XCConfigurationList;
			buildConfigurations = (
				D30809AF29B6FD8F00F2204F /* Debug */,
				D30809B029B6FD8F00F2204F /* Release */,
			);
			defaultConfigurationIsVisible = 0;
			defaultConfigurationName = Release;
		};
/* End XCConfigurationList section */
	};
	rootObject = D308097629B6FD8E00F2204F /* Project object */;
}
