// !$*UTF8*$!
{
	archiveVersion = 1;
	classes = {
	};
	objectVersion = 56;
	objects = {

/* Begin PBXBuildFile section */
		D350A93129B6F63B00FFC950 /* AppDelegate.swift in Sources */ = {isa = PBXBuildFile; fileRef = D350A93029B6F63B00FFC950 /* AppDelegate.swift */; };
		D350A93329B6F63B00FFC950 /* SceneDelegate.swift in Sources */ = {isa = PBXBuildFile; fileRef = D350A93229B6F63B00FFC950 /* SceneDelegate.swift */; };
		D350A93529B6F63B00FFC950 /* ViewController.swift in Sources */ = {isa = PBXBuildFile; fileRef = D350A93429B6F63B00FFC950 /* ViewController.swift */; };
		D350A93829B6F63B00FFC950 /* Main.storyboard in Resources */ = {isa = PBXBuildFile; fileRef = D350A93629B6F63B00FFC950 /* Main.storyboard */; };
		D350A93A29B6F63C00FFC950 /* Assets.xcassets in Resources */ = {isa = PBXBuildFile; fileRef = D350A93929B6F63C00FFC950 /* Assets.xcassets */; };
		D350A93D29B6F63C00FFC950 /* LaunchScreen.storyboard in Resources */ = {isa = PBXBuildFile; fileRef = D350A93B29B6F63C00FFC950 /* LaunchScreen.storyboard */; };
		D350A94829B6F63D00FFC950 /* HelloWorldTests.swift in Sources */ = {isa = PBXBuildFile; fileRef = D350A94729B6F63D00FFC950 /* HelloWorldTests.swift */; };
		D350A95229B6F63D00FFC950 /* HelloWorldUITests.swift in Sources */ = {isa = PBXBuildFile; fileRef = D350A95129B6F63D00FFC950 /* HelloWorldUITests.swift */; };
		D350A95429B6F63D00FFC950 /* HelloWorldUITestsLaunchTests.swift in Sources */ = {isa = PBXBuildFile; fileRef = D350A95329B6F63D00FFC950 /* HelloWorldUITestsLaunchTests.swift */; };
/* End PBXBuildFile section */

/* Begin PBXContainerItemProxy section */
		D350A94429B6F63D00FFC950 /* PBXContainerItemProxy */ = {
			isa = PBXContainerItemProxy;
			containerPortal = D350A92529B6F63B00FFC950 /* Project object */;
			proxyType = 1;
			remoteGlobalIDString = D350A92C29B6F63B00FFC950;
			remoteInfo = HelloWorld;
		};
		D350A94E29B6F63D00FFC950 /* PBXContainerItemProxy */ = {
			isa = PBXContainerItemProxy;
			containerPortal = D350A92529B6F63B00FFC950 /* Project object */;
			proxyType = 1;
			remoteGlobalIDString = D350A92C29B6F63B00FFC950;
			remoteInfo = HelloWorld;
		};
/* End PBXContainerItemProxy section */

/* Begin PBXFileReference section */
		D350A92D29B6F63B00FFC950 /* HelloWorld.app */ = {isa = PBXFileReference; explicitFileType = wrapper.application; includeInIndex = 0; path = HelloWorld.app; sourceTree = BUILT_PRODUCTS_DIR; };
		D350A93029B6F63B00FFC950 /* AppDelegate.swift */ = {isa = PBXFileReference; lastKnownFileType = sourcecode.swift; path = AppDelegate.swift; sourceTree = "<group>"; };
		D350A93229B6F63B00FFC950 /* SceneDelegate.swift */ = {isa = PBXFileReference; lastKnownFileType = sourcecode.swift; path = SceneDelegate.swift; sourceTree = "<group>"; };
		D350A93429B6F63B00FFC950 /* ViewController.swift */ = {isa = PBXFileReference; lastKnownFileType = sourcecode.swift; path = ViewController.swift; sourceTree = "<group>"; };
		D350A93729B6F63B00FFC950 /* Base */ = {isa = PBXFileReference; lastKnownFileType = file.storyboard; name = Base; path = Base.lproj/Main.storyboard; sourceTree = "<group>"; };
		D350A93929B6F63C00FFC950 /* Assets.xcassets */ = {isa = PBXFileReference; lastKnownFileType = folder.assetcatalog; path = Assets.xcassets; sourceTree = "<group>"; };
		D350A93C29B6F63C00FFC950 /* Base */ = {isa = PBXFileReference; lastKnownFileType = file.storyboard; name = Base; path = Base.lproj/LaunchScreen.storyboard; sourceTree = "<group>"; };
		D350A93E29B6F63C00FFC950 /* Info.plist */ = {isa = PBXFileReference; lastKnownFileType = text.plist.xml; path = Info.plist; sourceTree = "<group>"; };
		D350A94329B6F63D00FFC950 /* HelloWorldTests.xctest */ = {isa = PBXFileReference; explicitFileType = wrapper.cfbundle; includeInIndex = 0; path = HelloWorldTests.xctest; sourceTree = BUILT_PRODUCTS_DIR; };
		D350A94729B6F63D00FFC950 /* HelloWorldTests.swift */ = {isa = PBXFileReference; lastKnownFileType = sourcecode.swift; path = HelloWorldTests.swift; sourceTree = "<group>"; };
		D350A94D29B6F63D00FFC950 /* HelloWorldUITests.xctest */ = {isa = PBXFileReference; explicitFileType = wrapper.cfbundle; includeInIndex = 0; path = HelloWorldUITests.xctest; sourceTree = BUILT_PRODUCTS_DIR; };
		D350A95129B6F63D00FFC950 /* HelloWorldUITests.swift */ = {isa = PBXFileReference; lastKnownFileType = sourcecode.swift; path = HelloWorldUITests.swift; sourceTree = "<group>"; };
		D350A95329B6F63D00FFC950 /* HelloWorldUITestsLaunchTests.swift */ = {isa = PBXFileReference; lastKnownFileType = sourcecode.swift; path = HelloWorldUITestsLaunchTests.swift; sourceTree = "<group>"; };
/* End PBXFileReference section */

/* Begin PBXFrameworksBuildPhase section */
		D350A92A29B6F63B00FFC950 /* Frameworks */ = {
			isa = PBXFrameworksBuildPhase;
			buildActionMask = 2147483647;
			files = (
			);
			runOnlyForDeploymentPostprocessing = 0;
		};
		D350A94029B6F63D00FFC950 /* Frameworks */ = {
			isa = PBXFrameworksBuildPhase;
			buildActionMask = 2147483647;
			files = (
			);
			runOnlyForDeploymentPostprocessing = 0;
		};
		D350A94A29B6F63D00FFC950 /* Frameworks */ = {
			isa = PBXFrameworksBuildPhase;
			buildActionMask = 2147483647;
			files = (
			);
			runOnlyForDeploymentPostprocessing = 0;
		};
/* End PBXFrameworksBuildPhase section */

/* Begin PBXGroup section */
		D350A92429B6F63B00FFC950 = {
			isa = PBXGroup;
			children = (
				D350A92F29B6F63B00FFC950 /* HelloWorld */,
				D350A94629B6F63D00FFC950 /* HelloWorldTests */,
				D350A95029B6F63D00FFC950 /* HelloWorldUITests */,
				D350A92E29B6F63B00FFC950 /* Products */,
			);
			sourceTree = "<group>";
		};
		D350A92E29B6F63B00FFC950 /* Products */ = {
			isa = PBXGroup;
			children = (
				D350A92D29B6F63B00FFC950 /* HelloWorld.app */,
				D350A94329B6F63D00FFC950 /* HelloWorldTests.xctest */,
				D350A94D29B6F63D00FFC950 /* HelloWorldUITests.xctest */,
			);
			name = Products;
			sourceTree = "<group>";
		};
		D350A92F29B6F63B00FFC950 /* HelloWorld */ = {
			isa = PBXGroup;
			children = (
				D350A93029B6F63B00FFC950 /* AppDelegate.swift */,
				D350A93229B6F63B00FFC950 /* SceneDelegate.swift */,
				D350A93429B6F63B00FFC950 /* ViewController.swift */,
				D350A93629B6F63B00FFC950 /* Main.storyboard */,
				D350A93929B6F63C00FFC950 /* Assets.xcassets */,
				D350A93B29B6F63C00FFC950 /* LaunchScreen.storyboard */,
				D350A93E29B6F63C00FFC950 /* Info.plist */,
			);
			path = HelloWorld;
			sourceTree = "<group>";
		};
		D350A94629B6F63D00FFC950 /* HelloWorldTests */ = {
			isa = PBXGroup;
			children = (
				D350A94729B6F63D00FFC950 /* HelloWorldTests.swift */,
			);
			path = HelloWorldTests;
			sourceTree = "<group>";
		};
		D350A95029B6F63D00FFC950 /* HelloWorldUITests */ = {
			isa = PBXGroup;
			children = (
				D350A95129B6F63D00FFC950 /* HelloWorldUITests.swift */,
				D350A95329B6F63D00FFC950 /* HelloWorldUITestsLaunchTests.swift */,
			);
			path = HelloWorldUITests;
			sourceTree = "<group>";
		};
/* End PBXGroup section */

/* Begin PBXNativeTarget section */
		D350A92C29B6F63B00FFC950 /* HelloWorld */ = {
			isa = PBXNativeTarget;
			buildConfigurationList = D350A95729B6F63D00FFC950 /* Build configuration list for PBXNativeTarget "HelloWorld" */;
			buildPhases = (
				D350A92929B6F63B00FFC950 /* Sources */,
				D350A92A29B6F63B00FFC950 /* Frameworks */,
				D350A92B29B6F63B00FFC950 /* Resources */,
			);
			buildRules = (
			);
			dependencies = (
			);
			name = HelloWorld;
			productName = HelloWorld;
			productReference = D350A92D29B6F63B00FFC950 /* HelloWorld.app */;
			productType = "com.apple.product-type.application";
		};
		D350A94229B6F63D00FFC950 /* HelloWorldTests */ = {
			isa = PBXNativeTarget;
			buildConfigurationList = D350A95A29B6F63D00FFC950 /* Build configuration list for PBXNativeTarget "HelloWorldTests" */;
			buildPhases = (
				D350A93F29B6F63D00FFC950 /* Sources */,
				D350A94029B6F63D00FFC950 /* Frameworks */,
				D350A94129B6F63D00FFC950 /* Resources */,
			);
			buildRules = (
			);
			dependencies = (
				D350A94529B6F63D00FFC950 /* PBXTargetDependency */,
			);
			name = HelloWorldTests;
			productName = HelloWorldTests;
			productReference = D350A94329B6F63D00FFC950 /* HelloWorldTests.xctest */;
			productType = "com.apple.product-type.bundle.unit-test";
		};
		D350A94C29B6F63D00FFC950 /* HelloWorldUITests */ = {
			isa = PBXNativeTarget;
			buildConfigurationList = D350A95D29B6F63D00FFC950 /* Build configuration list for PBXNativeTarget "HelloWorldUITests" */;
			buildPhases = (
				D350A94929B6F63D00FFC950 /* Sources */,
				D350A94A29B6F63D00FFC950 /* Frameworks */,
				D350A94B29B6F63D00FFC950 /* Resources */,
			);
			buildRules = (
			);
			dependencies = (
				D350A94F29B6F63D00FFC950 /* PBXTargetDependency */,
			);
			name = HelloWorldUITests;
			productName = HelloWorldUITests;
			productReference = D350A94D29B6F63D00FFC950 /* HelloWorldUITests.xctest */;
			productType = "com.apple.product-type.bundle.ui-testing";
		};
/* End PBXNativeTarget section */

/* Begin PBXProject section */
		D350A92529B6F63B00FFC950 /* Project object */ = {
			isa = PBXProject;
			attributes = {
				BuildIndependentTargetsInParallel = 1;
				LastSwiftUpdateCheck = 1420;
				LastUpgradeCheck = 1420;
				TargetAttributes = {
					D350A92C29B6F63B00FFC950 = {
						CreatedOnToolsVersion = 14.2;
					};
					D350A94229B6F63D00FFC950 = {
						CreatedOnToolsVersion = 14.2;
						TestTargetID = D350A92C29B6F63B00FFC950;
					};
					D350A94C29B6F63D00FFC950 = {
						CreatedOnToolsVersion = 14.2;
						TestTargetID = D350A92C29B6F63B00FFC950;
					};
				};
			};
			buildConfigurationList = D350A92829B6F63B00FFC950 /* Build configuration list for PBXProject "HelloWorld" */;
			compatibilityVersion = "Xcode 14.0";
			developmentRegion = en;
			hasScannedForEncodings = 0;
			knownRegions = (
				en,
				Base,
			);
			mainGroup = D350A92429B6F63B00FFC950;
			productRefGroup = D350A92E29B6F63B00FFC950 /* Products */;
			projectDirPath = "";
			projectRoot = "";
			targets = (
				D350A92C29B6F63B00FFC950 /* HelloWorld */,
				D350A94229B6F63D00FFC950 /* HelloWorldTests */,
				D350A94C29B6F63D00FFC950 /* HelloWorldUITests */,
			);
		};
/* End PBXProject section */

/* Begin PBXResourcesBuildPhase section */
		D350A92B29B6F63B00FFC950 /* Resources */ = {
			isa = PBXResourcesBuildPhase;
			buildActionMask = 2147483647;
			files = (
				D350A93D29B6F63C00FFC950 /* LaunchScreen.storyboard in Resources */,
				D350A93A29B6F63C00FFC950 /* Assets.xcassets in Resources */,
				D350A93829B6F63B00FFC950 /* Main.storyboard in Resources */,
			);
			runOnlyForDeploymentPostprocessing = 0;
		};
		D350A94129B6F63D00FFC950 /* Resources */ = {
			isa = PBXResourcesBuildPhase;
			buildActionMask = 2147483647;
			files = (
			);
			runOnlyForDeploymentPostprocessing = 0;
		};
		D350A94B29B6F63D00FFC950 /* Resources */ = {
			isa = PBXResourcesBuildPhase;
			buildActionMask = 2147483647;
			files = (
			);
			runOnlyForDeploymentPostprocessing = 0;
		};
/* End PBXResourcesBuildPhase section */

/* Begin PBXSourcesBuildPhase section */
		D350A92929B6F63B00FFC950 /* Sources */ = {
			isa = PBXSourcesBuildPhase;
			buildActionMask = 2147483647;
			files = (
				D350A93529B6F63B00FFC950 /* ViewController.swift in Sources */,
				D350A93129B6F63B00FFC950 /* AppDelegate.swift in Sources */,
				D350A93329B6F63B00FFC950 /* SceneDelegate.swift in Sources */,
			);
			runOnlyForDeploymentPostprocessing = 0;
		};
		D350A93F29B6F63D00FFC950 /* Sources */ = {
			isa = PBXSourcesBuildPhase;
			buildActionMask = 2147483647;
			files = (
				D350A94829B6F63D00FFC950 /* HelloWorldTests.swift in Sources */,
			);
			runOnlyForDeploymentPostprocessing = 0;
		};
		D350A94929B6F63D00FFC950 /* Sources */ = {
			isa = PBXSourcesBuildPhase;
			buildActionMask = 2147483647;
			files = (
				D350A95429B6F63D00FFC950 /* HelloWorldUITestsLaunchTests.swift in Sources */,
				D350A95229B6F63D00FFC950 /* HelloWorldUITests.swift in Sources */,
			);
			runOnlyForDeploymentPostprocessing = 0;
		};
/* End PBXSourcesBuildPhase section */

/* Begin PBXTargetDependency section */
		D350A94529B6F63D00FFC950 /* PBXTargetDependency */ = {
			isa = PBXTargetDependency;
			target = D350A92C29B6F63B00FFC950 /* HelloWorld */;
			targetProxy = D350A94429B6F63D00FFC950 /* PBXContainerItemProxy */;
		};
		D350A94F29B6F63D00FFC950 /* PBXTargetDependency */ = {
			isa = PBXTargetDependency;
			target = D350A92C29B6F63B00FFC950 /* HelloWorld */;
			targetProxy = D350A94E29B6F63D00FFC950 /* PBXContainerItemProxy */;
		};
/* End PBXTargetDependency section */

/* Begin PBXVariantGroup section */
		D350A93629B6F63B00FFC950 /* Main.storyboard */ = {
			isa = PBXVariantGroup;
			children = (
				D350A93729B6F63B00FFC950 /* Base */,
			);
			name = Main.storyboard;
			sourceTree = "<group>";
		};
		D350A93B29B6F63C00FFC950 /* LaunchScreen.storyboard */ = {
			isa = PBXVariantGroup;
			children = (
				D350A93C29B6F63C00FFC950 /* Base */,
			);
			name = LaunchScreen.storyboard;
			sourceTree = "<group>";
		};
/* End PBXVariantGroup section */

/* Begin XCBuildConfiguration section */
		D350A95529B6F63D00FFC950 /* Debug */ = {
			isa = XCBuildConfiguration;
			buildSettings = {
				ALWAYS_SEARCH_USER_PATHS = NO;
				CLANG_ANALYZER_NONNULL = YES;
				CLANG_ANALYZER_NUMBER_OBJECT_CONVERSION = YES_AGGRESSIVE;
				CLANG_CXX_LANGUAGE_STANDARD = "gnu++20";
				CLANG_ENABLE_MODULES = YES;
				CLANG_ENABLE_OBJC_ARC = YES;
				CLANG_ENABLE_OBJC_WEAK = YES;
				CLANG_WARN_BLOCK_CAPTURE_AUTORELEASING = YES;
				CLANG_WARN_BOOL_CONVERSION = YES;
				CLANG_WARN_COMMA = YES;
				CLANG_WARN_CONSTANT_CONVERSION = YES;
				CLANG_WARN_DEPRECATED_OBJC_IMPLEMENTATIONS = YES;
				CLANG_WARN_DIRECT_OBJC_ISA_USAGE = YES_ERROR;
				CLANG_WARN_DOCUMENTATION_COMMENTS = YES;
				CLANG_WARN_EMPTY_BODY = YES;
				CLANG_WARN_ENUM_CONVERSION = YES;
				CLANG_WARN_INFINITE_RECURSION = YES;
				CLANG_WARN_INT_CONVERSION = YES;
				CLANG_WARN_NON_LITERAL_NULL_CONVERSION = YES;
				CLANG_WARN_OBJC_IMPLICIT_RETAIN_SELF = YES;
				CLANG_WARN_OBJC_LITERAL_CONVERSION = YES;
				CLANG_WARN_OBJC_ROOT_CLASS = YES_ERROR;
				CLANG_WARN_QUOTED_INCLUDE_IN_FRAMEWORK_HEADER = YES;
				CLANG_WARN_RANGE_LOOP_ANALYSIS = YES;
				CLANG_WARN_STRICT_PROTOTYPES = YES;
				CLANG_WARN_SUSPICIOUS_MOVE = YES;
				CLANG_WARN_UNGUARDED_AVAILABILITY = YES_AGGRESSIVE;
				CLANG_WARN_UNREACHABLE_CODE = YES;
				CLANG_WARN__DUPLICATE_METHOD_MATCH = YES;
				COPY_PHASE_STRIP = NO;
				DEBUG_INFORMATION_FORMAT = dwarf;
				ENABLE_STRICT_OBJC_MSGSEND = YES;
				ENABLE_TESTABILITY = YES;
				GCC_C_LANGUAGE_STANDARD = gnu11;
				GCC_DYNAMIC_NO_PIC = NO;
				GCC_NO_COMMON_BLOCKS = YES;
				GCC_OPTIMIZATION_LEVEL = 0;
				GCC_PREPROCESSOR_DEFINITIONS = (
					"DEBUG=1",
					"$(inherited)",
				);
				GCC_WARN_64_TO_32_BIT_CONVERSION = YES;
				GCC_WARN_ABOUT_RETURN_TYPE = YES_ERROR;
				GCC_WARN_UNDECLARED_SELECTOR = YES;
				GCC_WARN_UNINITIALIZED_AUTOS = YES_AGGRESSIVE;
				GCC_WARN_UNUSED_FUNCTION = YES;
				GCC_WARN_UNUSED_VARIABLE = YES;
				IPHONEOS_DEPLOYMENT_TARGET = 16.2;
				MTL_ENABLE_DEBUG_INFO = INCLUDE_SOURCE;
				MTL_FAST_MATH = YES;
				ONLY_ACTIVE_ARCH = YES;
				SDKROOT = iphoneos;
				SWIFT_ACTIVE_COMPILATION_CONDITIONS = DEBUG;
				SWIFT_OPTIMIZATION_LEVEL = "-Onone";
			};
			name = Debug;
		};
		D350A95629B6F63D00FFC950 /* Release */ = {
			isa = XCBuildConfiguration;
			buildSettings = {
				ALWAYS_SEARCH_USER_PATHS = NO;
				CLANG_ANALYZER_NONNULL = YES;
				CLANG_ANALYZER_NUMBER_OBJECT_CONVERSION = YES_AGGRESSIVE;
				CLANG_CXX_LANGUAGE_STANDARD = "gnu++20";
				CLANG_ENABLE_MODULES = YES;
				CLANG_ENABLE_OBJC_ARC = YES;
				CLANG_ENABLE_OBJC_WEAK = YES;
				CLANG_WARN_BLOCK_CAPTURE_AUTORELEASING = YES;
				CLANG_WARN_BOOL_CONVERSION = YES;
				CLANG_WARN_COMMA = YES;
				CLANG_WARN_CONSTANT_CONVERSION = YES;
				CLANG_WARN_DEPRECATED_OBJC_IMPLEMENTATIONS = YES;
				CLANG_WARN_DIRECT_OBJC_ISA_USAGE = YES_ERROR;
				CLANG_WARN_DOCUMENTATION_COMMENTS = YES;
				CLANG_WARN_EMPTY_BODY = YES;
				CLANG_WARN_ENUM_CONVERSION = YES;
				CLANG_WARN_INFINITE_RECURSION = YES;
				CLANG_WARN_INT_CONVERSION = YES;
				CLANG_WARN_NON_LITERAL_NULL_CONVERSION = YES;
				CLANG_WARN_OBJC_IMPLICIT_RETAIN_SELF = YES;
				CLANG_WARN_OBJC_LITERAL_CONVERSION = YES;
				CLANG_WARN_OBJC_ROOT_CLASS = YES_ERROR;
				CLANG_WARN_QUOTED_INCLUDE_IN_FRAMEWORK_HEADER = YES;
				CLANG_WARN_RANGE_LOOP_ANALYSIS = YES;
				CLANG_WARN_STRICT_PROTOTYPES = YES;
				CLANG_WARN_SUSPICIOUS_MOVE = YES;
				CLANG_WARN_UNGUARDED_AVAILABILITY = YES_AGGRESSIVE;
				CLANG_WARN_UNREACHABLE_CODE = YES;
				CLANG_WARN__DUPLICATE_METHOD_MATCH = YES;
				COPY_PHASE_STRIP = NO;
				DEBUG_INFORMATION_FORMAT = "dwarf-with-dsym";
				ENABLE_NS_ASSERTIONS = NO;
				ENABLE_STRICT_OBJC_MSGSEND = YES;
				GCC_C_LANGUAGE_STANDARD = gnu11;
				GCC_NO_COMMON_BLOCKS = YES;
				GCC_WARN_64_TO_32_BIT_CONVERSION = YES;
				GCC_WARN_ABOUT_RETURN_TYPE = YES_ERROR;
				GCC_WARN_UNDECLARED_SELECTOR = YES;
				GCC_WARN_UNINITIALIZED_AUTOS = YES_AGGRESSIVE;
				GCC_WARN_UNUSED_FUNCTION = YES;
				GCC_WARN_UNUSED_VARIABLE = YES;
				IPHONEOS_DEPLOYMENT_TARGET = 16.2;
				MTL_ENABLE_DEBUG_INFO = NO;
				MTL_FAST_MATH = YES;
				SDKROOT = iphoneos;
				SWIFT_COMPILATION_MODE = wholemodule;
				SWIFT_OPTIMIZATION_LEVEL = "-O";
				VALIDATE_PRODUCT = YES;
			};
			name = Release;
		};
		D350A95829B6F63D00FFC950 /* Debug */ = {
			isa = XCBuildConfiguration;
			buildSettings = {
				ASSETCATALOG_COMPILER_APPICON_NAME = AppIcon;
				ASSETCATALOG_COMPILER_GLOBAL_ACCENT_COLOR_NAME = AccentColor;
				CODE_SIGN_STYLE = Automatic;
				CURRENT_PROJECT_VERSION = 1;
				GENERATE_INFOPLIST_FILE = YES;
				INFOPLIST_FILE = HelloWorld/Info.plist;
				INFOPLIST_KEY_UIApplicationSupportsIndirectInputEvents = YES;
				INFOPLIST_KEY_UILaunchStoryboardName = LaunchScreen;
				INFOPLIST_KEY_UIMainStoryboardFile = Main;
				INFOPLIST_KEY_UISupportedInterfaceOrientations = UIInterfaceOrientationPortrait;
				LD_RUNPATH_SEARCH_PATHS = (
					"$(inherited)",
					"@executable_path/Frameworks",
				);
				MARKETING_VERSION = 1.0;
				PRODUCT_BUNDLE_IDENTIFIER = com.yourcompany.HelloWorld;
				PRODUCT_NAME = "$(TARGET_NAME)";
				SWIFT_EMIT_LOC_STRINGS = YES;
				SWIFT_VERSION = 5.0;
				TARGETED_DEVICE_FAMILY = "1,2";
			};
			name = Debug;
		};
		D350A95929B6F63D00FFC950 /* Release */ = {
			isa = XCBuildConfiguration;
			buildSettings = {
				ASSETCATALOG_COMPILER_APPICON_NAME = AppIcon;
				ASSETCATALOG_COMPILER_GLOBAL_ACCENT_COLOR_NAME = AccentColor;
				CODE_SIGN_STYLE = Automatic;
				CURRENT_PROJECT_VERSION = 1;
				GENERATE_INFOPLIST_FILE = YES;
				INFOPLIST_FILE = HelloWorld/Info.plist;
				INFOPLIST_KEY_UIApplicationSupportsIndirectInputEvents = YES;
				INFOPLIST_KEY_UILaunchStoryboardName = LaunchScreen;
				INFOPLIST_KEY_UIMainStoryboardFile = Main;
				INFOPLIST_KEY_UISupportedInterfaceOrientations = UIInterfaceOrientationPortrait;
				LD_RUNPATH_SEARCH_PATHS = (
					"$(inherited)",
					"@executable_path/Frameworks",
				);
				MARKETING_VERSION = 1.0;
				PRODUCT_BUNDLE_IDENTIFIER = com.yourcompany.HelloWorld;
				PRODUCT_NAME = "$(TARGET_NAME)";
				SWIFT_EMIT_LOC_STRINGS = YES;
				SWIFT_VERSION = 5.0;
				TARGETED_DEVICE_FAMILY = "1,2";
			};
			name = Release;
		};
		D350A95B29B6F63D00FFC950 /* Debug */ = {
			isa = XCBuildConfiguration;
			buildSettings = {
				ALWAYS_EMBED_SWIFT_STANDARD_LIBRARIES = YES;
				BUNDLE_LOADER = "$(TEST_HOST)";
				CODE_SIGN_STYLE = Automatic;
				CURRENT_PROJECT_VERSION = 1;
				GENERATE_INFOPLIST_FILE = YES;
				IPHONEOS_DEPLOYMENT_TARGET = 16.2;
				MARKETING_VERSION = 1.0;
				PRODUCT_BUNDLE_IDENTIFIER = com.yourcompany.HelloWorldTests;
				PRODUCT_NAME = "$(TARGET_NAME)";
				SWIFT_EMIT_LOC_STRINGS = NO;
				SWIFT_VERSION = 5.0;
				TARGETED_DEVICE_FAMILY = "1,2";
				TEST_HOST = "$(BUILT_PRODUCTS_DIR)/HelloWorld.app/$(BUNDLE_EXECUTABLE_FOLDER_PATH)/HelloWorld";
			};
			name = Debug;
		};
		D350A95C29B6F63D00FFC950 /* Release */ = {
			isa = XCBuildConfiguration;
			buildSettings = {
				ALWAYS_EMBED_SWIFT_STANDARD_LIBRARIES = YES;
				BUNDLE_LOADER = "$(TEST_HOST)";
				CODE_SIGN_STYLE = Automatic;
				CURRENT_PROJECT_VERSION = 1;
				GENERATE_INFOPLIST_FILE = YES;
				IPHONEOS_DEPLOYMENT_TARGET = 16.2;
				MARKETING_VERSION = 1.0;
				PRODUCT_BUNDLE_IDENTIFIER = com.yourcompany.HelloWorldTests;
				PRODUCT_NAME = "$(TARGET_NAME)";
				SWIFT_EMIT_LOC_STRINGS = NO;
				SWIFT_VERSION = 5.0;
				TARGETED_DEVICE_FAMILY = "1,2";
				TEST_HOST = "$(BUILT_PRODUCTS_DIR)/HelloWorld.app/$(BUNDLE_EXECUTABLE_FOLDER_PATH)/HelloWorld";
			};
			name = Release;
		};
		D350A95E29B6F63D00FFC950 /* Debug */ = {
			isa = XCBuildConfiguration;
			buildSettings = {
				ALWAYS_EMBED_SWIFT_STANDARD_LIBRARIES = YES;
				CODE_SIGN_STYLE = Automatic;
				CURRENT_PROJECT_VERSION = 1;
				GENERATE_INFOPLIST_FILE = YES;
				MARKETING_VERSION = 1.0;
				PRODUCT_BUNDLE_IDENTIFIER = com.yourcompany.HelloWorldUITests;
				PRODUCT_NAME = "$(TARGET_NAME)";
				SWIFT_EMIT_LOC_STRINGS = NO;
				SWIFT_VERSION = 5.0;
				TARGETED_DEVICE_FAMILY = "1,2";
				TEST_TARGET_NAME = HelloWorld;
			};
			name = Debug;
		};
		D350A95F29B6F63D00FFC950 /* Release */ = {
			isa = XCBuildConfiguration;
			buildSettings = {
				ALWAYS_EMBED_SWIFT_STANDARD_LIBRARIES = YES;
				CODE_SIGN_STYLE = Automatic;
				CURRENT_PROJECT_VERSION = 1;
				GENERATE_INFOPLIST_FILE = YES;
				MARKETING_VERSION = 1.0;
				PRODUCT_BUNDLE_IDENTIFIER = com.yourcompany.HelloWorldUITests;
				PRODUCT_NAME = "$(TARGET_NAME)";
				SWIFT_EMIT_LOC_STRINGS = NO;
				SWIFT_VERSION = 5.0;
				TARGETED_DEVICE_FAMILY = "1,2";
				TEST_TARGET_NAME = HelloWorld;
			};
			name = Release;
		};
/* End XCBuildConfiguration section */

/* Begin XCConfigurationList section */
		D350A92829B6F63B00FFC950 /* Build configuration list for PBXProject "HelloWorld" */ = {
			isa = XCConfigurationList;
			buildConfigurations = (
				D350A95529B6F63D00FFC950 /* Debug */,
				D350A95629B6F63D00FFC950 /* Release */,
			);
			defaultConfigurationIsVisible = 0;
			defaultConfigurationName = Release;
		};
		D350A95729B6F63D00FFC950 /* Build configuration list for PBXNativeTarget "HelloWorld" */ = {
			isa = XCConfigurationList;
			buildConfigurations = (
				D350A95829B6F63D00FFC950 /* Debug */,
				D350A95929B6F63D00FFC950 /* Release */,
			);
			defaultConfigurationIsVisible = 0;
			defaultConfigurationName = Release;
		};
		D350A95A29B6F63D00FFC950 /* Build configuration list for PBXNativeTarget "HelloWorldTests" */ = {
			isa = XCConfigurationList;
			buildConfigurations = (
				D350A95B29B6F63D00FFC950 /* Debug */,
				D350A95C29B6F63D00FFC950 /* Release */,
			);
			defaultConfigurationIsVisible = 0;
			defaultConfigurationName = Release;
		};
		D350A95D29B6F63D00FFC950 /* Build configuration list for PBXNativeTarget "HelloWorldUITests" */ = {
			isa = XCConfigurationList;
			buildConfigurations = (
				D350A95E29B6F63D00FFC950 /* Debug */,
				D350A95F29B6F63D00FFC950 /* Release */,
			);
			defaultConfigurationIsVisible = 0;
			defaultConfigurationName = Release;
		};
/* End XCConfigurationList section */
	};
	rootObject = D350A92529B6F63B00FFC950 /* Project object */;
}
