// !$*UTF8*$!
{
	archiveVersion = 1;
	classes = {
	};
	objectVersion = 56;
	objects = {

/* Begin PBXBuildFile section */
		D32A250029BF0972002089E7 /* AppDelegate.swift in Sources */ = {isa = PBXBuildFile; fileRef = D32A24FF29BF0972002089E7 /* AppDelegate.swift */; };
		D32A250229BF0972002089E7 /* SceneDelegate.swift in Sources */ = {isa = PBXBuildFile; fileRef = D32A250129BF0972002089E7 /* SceneDelegate.swift */; };
		D32A250429BF0972002089E7 /* ViewController.swift in Sources */ = {isa = PBXBuildFile; fileRef = D32A250329BF0972002089E7 /* ViewController.swift */; };
		D32A250729BF0972002089E7 /* Main.storyboard in Resources */ = {isa = PBXBuildFile; fileRef = D32A250529BF0972002089E7 /* Main.storyboard */; };
		D32A250929BF0972002089E7 /* Assets.xcassets in Resources */ = {isa = PBXBuildFile; fileRef = D32A250829BF0972002089E7 /* Assets.xcassets */; };
		D32A250C29BF0972002089E7 /* LaunchScreen.storyboard in Resources */ = {isa = PBXBuildFile; fileRef = D32A250A29BF0972002089E7 /* LaunchScreen.storyboard */; };
		D32A251729BF0973002089E7 /* AlertTests.swift in Sources */ = {isa = PBXBuildFile; fileRef = D32A251629BF0973002089E7 /* AlertTests.swift */; };
		D32A252129BF0973002089E7 /* AlertUITests.swift in Sources */ = {isa = PBXBuildFile; fileRef = D32A252029BF0973002089E7 /* AlertUITests.swift */; };
		D32A252329BF0973002089E7 /* AlertUITestsLaunchTests.swift in Sources */ = {isa = PBXBuildFile; fileRef = D32A252229BF0973002089E7 /* AlertUITestsLaunchTests.swift */; };
		D32A253229BF09CD002089E7 /* lamp-on.png in Resources */ = {isa = PBXBuildFile; fileRef = D32A252F29BF09CD002089E7 /* lamp-on.png */; };
		D32A253329BF09CD002089E7 /* lamp-off.png in Resources */ = {isa = PBXBuildFile; fileRef = D32A253029BF09CD002089E7 /* lamp-off.png */; };
		D32A253429BF09CD002089E7 /* lamp-remove.png in Resources */ = {isa = PBXBuildFile; fileRef = D32A253129BF09CD002089E7 /* lamp-remove.png */; };
/* End PBXBuildFile section */

/* Begin PBXContainerItemProxy section */
		D32A251329BF0973002089E7 /* PBXContainerItemProxy */ = {
			isa = PBXContainerItemProxy;
			containerPortal = D32A24F429BF0971002089E7 /* Project object */;
			proxyType = 1;
			remoteGlobalIDString = D32A24FB29BF0972002089E7;
			remoteInfo = Alert;
		};
		D32A251D29BF0973002089E7 /* PBXContainerItemProxy */ = {
			isa = PBXContainerItemProxy;
			containerPortal = D32A24F429BF0971002089E7 /* Project object */;
			proxyType = 1;
			remoteGlobalIDString = D32A24FB29BF0972002089E7;
			remoteInfo = Alert;
		};
/* End PBXContainerItemProxy section */

/* Begin PBXFileReference section */
		D32A24FC29BF0972002089E7 /* Alert.app */ = {isa = PBXFileReference; explicitFileType = wrapper.application; includeInIndex = 0; path = Alert.app; sourceTree = BUILT_PRODUCTS_DIR; };
		D32A24FF29BF0972002089E7 /* AppDelegate.swift */ = {isa = PBXFileReference; lastKnownFileType = sourcecode.swift; path = AppDelegate.swift; sourceTree = "<group>"; };
		D32A250129BF0972002089E7 /* SceneDelegate.swift */ = {isa = PBXFileReference; lastKnownFileType = sourcecode.swift; path = SceneDelegate.swift; sourceTree = "<group>"; };
		D32A250329BF0972002089E7 /* ViewController.swift */ = {isa = PBXFileReference; lastKnownFileType = sourcecode.swift; path = ViewController.swift; sourceTree = "<group>"; };
		D32A250629BF0972002089E7 /* Base */ = {isa = PBXFileReference; lastKnownFileType = file.storyboard; name = Base; path = Base.lproj/Main.storyboard; sourceTree = "<group>"; };
		D32A250829BF0972002089E7 /* Assets.xcassets */ = {isa = PBXFileReference; lastKnownFileType = folder.assetcatalog; path = Assets.xcassets; sourceTree = "<group>"; };
		D32A250B29BF0972002089E7 /* Base */ = {isa = PBXFileReference; lastKnownFileType = file.storyboard; name = Base; path = Base.lproj/LaunchScreen.storyboard; sourceTree = "<group>"; };
		D32A250D29BF0972002089E7 /* Info.plist */ = {isa = PBXFileReference; lastKnownFileType = text.plist.xml; path = Info.plist; sourceTree = "<group>"; };
		D32A251229BF0973002089E7 /* AlertTests.xctest */ = {isa = PBXFileReference; explicitFileType = wrapper.cfbundle; includeInIndex = 0; path = AlertTests.xctest; sourceTree = BUILT_PRODUCTS_DIR; };
		D32A251629BF0973002089E7 /* AlertTests.swift */ = {isa = PBXFileReference; lastKnownFileType = sourcecode.swift; path = AlertTests.swift; sourceTree = "<group>"; };
		D32A251C29BF0973002089E7 /* AlertUITests.xctest */ = {isa = PBXFileReference; explicitFileType = wrapper.cfbundle; includeInIndex = 0; path = AlertUITests.xctest; sourceTree = BUILT_PRODUCTS_DIR; };
		D32A252029BF0973002089E7 /* AlertUITests.swift */ = {isa = PBXFileReference; lastKnownFileType = sourcecode.swift; path = AlertUITests.swift; sourceTree = "<group>"; };
		D32A252229BF0973002089E7 /* AlertUITestsLaunchTests.swift */ = {isa = PBXFileReference; lastKnownFileType = sourcecode.swift; path = AlertUITestsLaunchTests.swift; sourceTree = "<group>"; };
		D32A252F29BF09CD002089E7 /* lamp-on.png */ = {isa = PBXFileReference; lastKnownFileType = image.png; path = "lamp-on.png"; sourceTree = "<group>"; };
		D32A253029BF09CD002089E7 /* lamp-off.png */ = {isa = PBXFileReference; lastKnownFileType = image.png; path = "lamp-off.png"; sourceTree = "<group>"; };
		D32A253129BF09CD002089E7 /* lamp-remove.png */ = {isa = PBXFileReference; lastKnownFileType = image.png; path = "lamp-remove.png"; sourceTree = "<group>"; };
/* End PBXFileReference section */

/* Begin PBXFrameworksBuildPhase section */
		D32A24F929BF0972002089E7 /* Frameworks */ = {
			isa = PBXFrameworksBuildPhase;
			buildActionMask = 2147483647;
			files = (
			);
			runOnlyForDeploymentPostprocessing = 0;
		};
		D32A250F29BF0973002089E7 /* Frameworks */ = {
			isa = PBXFrameworksBuildPhase;
			buildActionMask = 2147483647;
			files = (
			);
			runOnlyForDeploymentPostprocessing = 0;
		};
		D32A251929BF0973002089E7 /* Frameworks */ = {
			isa = PBXFrameworksBuildPhase;
			buildActionMask = 2147483647;
			files = (
			);
			runOnlyForDeploymentPostprocessing = 0;
		};
/* End PBXFrameworksBuildPhase section */

/* Begin PBXGroup section */
		D32A24F329BF0971002089E7 = {
			isa = PBXGroup;
			children = (
				D32A24FE29BF0972002089E7 /* Alert */,
				D32A251529BF0973002089E7 /* AlertTests */,
				D32A251F29BF0973002089E7 /* AlertUITests */,
				D32A24FD29BF0972002089E7 /* Products */,
			);
			sourceTree = "<group>";
		};
		D32A24FD29BF0972002089E7 /* Products */ = {
			isa = PBXGroup;
			children = (
				D32A24FC29BF0972002089E7 /* Alert.app */,
				D32A251229BF0973002089E7 /* AlertTests.xctest */,
				D32A251C29BF0973002089E7 /* AlertUITests.xctest */,
			);
			name = Products;
			sourceTree = "<group>";
		};
		D32A24FE29BF0972002089E7 /* Alert */ = {
			isa = PBXGroup;
			children = (
				D32A253029BF09CD002089E7 /* lamp-off.png */,
				D32A252F29BF09CD002089E7 /* lamp-on.png */,
				D32A253129BF09CD002089E7 /* lamp-remove.png */,
				D32A24FF29BF0972002089E7 /* AppDelegate.swift */,
				D32A250129BF0972002089E7 /* SceneDelegate.swift */,
				D32A250329BF0972002089E7 /* ViewController.swift */,
				D32A250529BF0972002089E7 /* Main.storyboard */,
				D32A250829BF0972002089E7 /* Assets.xcassets */,
				D32A250A29BF0972002089E7 /* LaunchScreen.storyboard */,
				D32A250D29BF0972002089E7 /* Info.plist */,
			);
			path = Alert;
			sourceTree = "<group>";
		};
		D32A251529BF0973002089E7 /* AlertTests */ = {
			isa = PBXGroup;
			children = (
				D32A251629BF0973002089E7 /* AlertTests.swift */,
			);
			path = AlertTests;
			sourceTree = "<group>";
		};
		D32A251F29BF0973002089E7 /* AlertUITests */ = {
			isa = PBXGroup;
			children = (
				D32A252029BF0973002089E7 /* AlertUITests.swift */,
				D32A252229BF0973002089E7 /* AlertUITestsLaunchTests.swift */,
			);
			path = AlertUITests;
			sourceTree = "<group>";
		};
/* End PBXGroup section */

/* Begin PBXNativeTarget section */
		D32A24FB29BF0972002089E7 /* Alert */ = {
			isa = PBXNativeTarget;
			buildConfigurationList = D32A252629BF0973002089E7 /* Build configuration list for PBXNativeTarget "Alert" */;
			buildPhases = (
				D32A24F829BF0972002089E7 /* Sources */,
				D32A24F929BF0972002089E7 /* Frameworks */,
				D32A24FA29BF0972002089E7 /* Resources */,
			);
			buildRules = (
			);
			dependencies = (
			);
			name = Alert;
			productName = Alert;
			productReference = D32A24FC29BF0972002089E7 /* Alert.app */;
			productType = "com.apple.product-type.application";
		};
		D32A251129BF0973002089E7 /* AlertTests */ = {
			isa = PBXNativeTarget;
			buildConfigurationList = D32A252929BF0973002089E7 /* Build configuration list for PBXNativeTarget "AlertTests" */;
			buildPhases = (
				D32A250E29BF0973002089E7 /* Sources */,
				D32A250F29BF0973002089E7 /* Frameworks */,
				D32A251029BF0973002089E7 /* Resources */,
			);
			buildRules = (
			);
			dependencies = (
				D32A251429BF0973002089E7 /* PBXTargetDependency */,
			);
			name = AlertTests;
			productName = AlertTests;
			productReference = D32A251229BF0973002089E7 /* AlertTests.xctest */;
			productType = "com.apple.product-type.bundle.unit-test";
		};
		D32A251B29BF0973002089E7 /* AlertUITests */ = {
			isa = PBXNativeTarget;
			buildConfigurationList = D32A252C29BF0973002089E7 /* Build configuration list for PBXNativeTarget "AlertUITests" */;
			buildPhases = (
				D32A251829BF0973002089E7 /* Sources */,
				D32A251929BF0973002089E7 /* Frameworks */,
				D32A251A29BF0973002089E7 /* Resources */,
			);
			buildRules = (
			);
			dependencies = (
				D32A251E29BF0973002089E7 /* PBXTargetDependency */,
			);
			name = AlertUITests;
			productName = AlertUITests;
			productReference = D32A251C29BF0973002089E7 /* AlertUITests.xctest */;
			productType = "com.apple.product-type.bundle.ui-testing";
		};
/* End PBXNativeTarget section */

/* Begin PBXProject section */
		D32A24F429BF0971002089E7 /* Project object */ = {
			isa = PBXProject;
			attributes = {
				BuildIndependentTargetsInParallel = 1;
				LastSwiftUpdateCheck = 1420;
				LastUpgradeCheck = 1420;
				TargetAttributes = {
					D32A24FB29BF0972002089E7 = {
						CreatedOnToolsVersion = 14.2;
					};
					D32A251129BF0973002089E7 = {
						CreatedOnToolsVersion = 14.2;
						TestTargetID = D32A24FB29BF0972002089E7;
					};
					D32A251B29BF0973002089E7 = {
						CreatedOnToolsVersion = 14.2;
						TestTargetID = D32A24FB29BF0972002089E7;
					};
				};
			};
			buildConfigurationList = D32A24F729BF0971002089E7 /* Build configuration list for PBXProject "Alert" */;
			compatibilityVersion = "Xcode 14.0";
			developmentRegion = en;
			hasScannedForEncodings = 0;
			knownRegions = (
				en,
				Base,
			);
			mainGroup = D32A24F329BF0971002089E7;
			productRefGroup = D32A24FD29BF0972002089E7 /* Products */;
			projectDirPath = "";
			projectRoot = "";
			targets = (
				D32A24FB29BF0972002089E7 /* Alert */,
				D32A251129BF0973002089E7 /* AlertTests */,
				D32A251B29BF0973002089E7 /* AlertUITests */,
			);
		};
/* End PBXProject section */

/* Begin PBXResourcesBuildPhase section */
		D32A24FA29BF0972002089E7 /* Resources */ = {
			isa = PBXResourcesBuildPhase;
			buildActionMask = 2147483647;
			files = (
				D32A253329BF09CD002089E7 /* lamp-off.png in Resources */,
				D32A253429BF09CD002089E7 /* lamp-remove.png in Resources */,
				D32A250C29BF0972002089E7 /* LaunchScreen.storyboard in Resources */,
				D32A250929BF0972002089E7 /* Assets.xcassets in Resources */,
				D32A253229BF09CD002089E7 /* lamp-on.png in Resources */,
				D32A250729BF0972002089E7 /* Main.storyboard in Resources */,
			);
			runOnlyForDeploymentPostprocessing = 0;
		};
		D32A251029BF0973002089E7 /* Resources */ = {
			isa = PBXResourcesBuildPhase;
			buildActionMask = 2147483647;
			files = (
			);
			runOnlyForDeploymentPostprocessing = 0;
		};
		D32A251A29BF0973002089E7 /* Resources */ = {
			isa = PBXResourcesBuildPhase;
			buildActionMask = 2147483647;
			files = (
			);
			runOnlyForDeploymentPostprocessing = 0;
		};
/* End PBXResourcesBuildPhase section */

/* Begin PBXSourcesBuildPhase section */
		D32A24F829BF0972002089E7 /* Sources */ = {
			isa = PBXSourcesBuildPhase;
			buildActionMask = 2147483647;
			files = (
				D32A250429BF0972002089E7 /* ViewController.swift in Sources */,
				D32A250029BF0972002089E7 /* AppDelegate.swift in Sources */,
				D32A250229BF0972002089E7 /* SceneDelegate.swift in Sources */,
			);
			runOnlyForDeploymentPostprocessing = 0;
		};
		D32A250E29BF0973002089E7 /* Sources */ = {
			isa = PBXSourcesBuildPhase;
			buildActionMask = 2147483647;
			files = (
				D32A251729BF0973002089E7 /* AlertTests.swift in Sources */,
			);
			runOnlyForDeploymentPostprocessing = 0;
		};
		D32A251829BF0973002089E7 /* Sources */ = {
			isa = PBXSourcesBuildPhase;
			buildActionMask = 2147483647;
			files = (
				D32A252129BF0973002089E7 /* AlertUITests.swift in Sources */,
				D32A252329BF0973002089E7 /* AlertUITestsLaunchTests.swift in Sources */,
			);
			runOnlyForDeploymentPostprocessing = 0;
		};
/* End PBXSourcesBuildPhase section */

/* Begin PBXTargetDependency section */
		D32A251429BF0973002089E7 /* PBXTargetDependency */ = {
			isa = PBXTargetDependency;
			target = D32A24FB29BF0972002089E7 /* Alert */;
			targetProxy = D32A251329BF0973002089E7 /* PBXContainerItemProxy */;
		};
		D32A251E29BF0973002089E7 /* PBXTargetDependency */ = {
			isa = PBXTargetDependency;
			target = D32A24FB29BF0972002089E7 /* Alert */;
			targetProxy = D32A251D29BF0973002089E7 /* PBXContainerItemProxy */;
		};
/* End PBXTargetDependency section */

/* Begin PBXVariantGroup section */
		D32A250529BF0972002089E7 /* Main.storyboard */ = {
			isa = PBXVariantGroup;
			children = (
				D32A250629BF0972002089E7 /* Base */,
			);
			name = Main.storyboard;
			sourceTree = "<group>";
		};
		D32A250A29BF0972002089E7 /* LaunchScreen.storyboard */ = {
			isa = PBXVariantGroup;
			children = (
				D32A250B29BF0972002089E7 /* Base */,
			);
			name = LaunchScreen.storyboard;
			sourceTree = "<group>";
		};
/* End PBXVariantGroup section */

/* Begin XCBuildConfiguration section */
		D32A252429BF0973002089E7 /* Debug */ = {
			isa = XCBuildConfiguration;
			buildSettings = {
				ALWAYS_SEARCH_USER_PATHS = NO;
				CLANG_ANALYZER_NONNULL = YES;
				CLANG_ANALYZER_NUMBER_OBJECT_CONVERSION = YES_AGGRESSIVE;
				CLANG_CXX_LANGUAGE_STANDARD = "gnu++20";
				CLANG_ENABLE_MODULES = YES;
				CLANG_ENABLE_OBJC_ARC = YES;
				CLANG_ENABLE_OBJC_WEAK = YES;
				CLANG_WARN_BLOCK_CAPTURE_AUTORELEASING = YES;
				CLANG_WARN_BOOL_CONVERSION = YES;
				CLANG_WARN_COMMA = YES;
				CLANG_WARN_CONSTANT_CONVERSION = YES;
				CLANG_WARN_DEPRECATED_OBJC_IMPLEMENTATIONS = YES;
				CLANG_WARN_DIRECT_OBJC_ISA_USAGE = YES_ERROR;
				CLANG_WARN_DOCUMENTATION_COMMENTS = YES;
				CLANG_WARN_EMPTY_BODY = YES;
				CLANG_WARN_ENUM_CONVERSION = YES;
				CLANG_WARN_INFINITE_RECURSION = YES;
				CLANG_WARN_INT_CONVERSION = YES;
				CLANG_WARN_NON_LITERAL_NULL_CONVERSION = YES;
				CLANG_WARN_OBJC_IMPLICIT_RETAIN_SELF = YES;
				CLANG_WARN_OBJC_LITERAL_CONVERSION = YES;
				CLANG_WARN_OBJC_ROOT_CLASS = YES_ERROR;
				CLANG_WARN_QUOTED_INCLUDE_IN_FRAMEWORK_HEADER = YES;
				CLANG_WARN_RANGE_LOOP_ANALYSIS = YES;
				CLANG_WARN_STRICT_PROTOTYPES = YES;
				CLANG_WARN_SUSPICIOUS_MOVE = YES;
				CLANG_WARN_UNGUARDED_AVAILABILITY = YES_AGGRESSIVE;
				CLANG_WARN_UNREACHABLE_CODE = YES;
				CLANG_WARN__DUPLICATE_METHOD_MATCH = YES;
				COPY_PHASE_STRIP = NO;
				DEBUG_INFORMATION_FORMAT = dwarf;
				ENABLE_STRICT_OBJC_MSGSEND = YES;
				ENABLE_TESTABILITY = YES;
				GCC_C_LANGUAGE_STANDARD = gnu11;
				GCC_DYNAMIC_NO_PIC = NO;
				GCC_NO_COMMON_BLOCKS = YES;
				GCC_OPTIMIZATION_LEVEL = 0;
				GCC_PREPROCESSOR_DEFINITIONS = (
					"DEBUG=1",
					"$(inherited)",
				);
				GCC_WARN_64_TO_32_BIT_CONVERSION = YES;
				GCC_WARN_ABOUT_RETURN_TYPE = YES_ERROR;
				GCC_WARN_UNDECLARED_SELECTOR = YES;
				GCC_WARN_UNINITIALIZED_AUTOS = YES_AGGRESSIVE;
				GCC_WARN_UNUSED_FUNCTION = YES;
				GCC_WARN_UNUSED_VARIABLE = YES;
				IPHONEOS_DEPLOYMENT_TARGET = 16.2;
				MTL_ENABLE_DEBUG_INFO = INCLUDE_SOURCE;
				MTL_FAST_MATH = YES;
				ONLY_ACTIVE_ARCH = YES;
				SDKROOT = iphoneos;
				SWIFT_ACTIVE_COMPILATION_CONDITIONS = DEBUG;
				SWIFT_OPTIMIZATION_LEVEL = "-Onone";
			};
			name = Debug;
		};
		D32A252529BF0973002089E7 /* Release */ = {
			isa = XCBuildConfiguration;
			buildSettings = {
				ALWAYS_SEARCH_USER_PATHS = NO;
				CLANG_ANALYZER_NONNULL = YES;
				CLANG_ANALYZER_NUMBER_OBJECT_CONVERSION = YES_AGGRESSIVE;
				CLANG_CXX_LANGUAGE_STANDARD = "gnu++20";
				CLANG_ENABLE_MODULES = YES;
				CLANG_ENABLE_OBJC_ARC = YES;
				CLANG_ENABLE_OBJC_WEAK = YES;
				CLANG_WARN_BLOCK_CAPTURE_AUTORELEASING = YES;
				CLANG_WARN_BOOL_CONVERSION = YES;
				CLANG_WARN_COMMA = YES;
				CLANG_WARN_CONSTANT_CONVERSION = YES;
				CLANG_WARN_DEPRECATED_OBJC_IMPLEMENTATIONS = YES;
				CLANG_WARN_DIRECT_OBJC_ISA_USAGE = YES_ERROR;
				CLANG_WARN_DOCUMENTATION_COMMENTS = YES;
				CLANG_WARN_EMPTY_BODY = YES;
				CLANG_WARN_ENUM_CONVERSION = YES;
				CLANG_WARN_INFINITE_RECURSION = YES;
				CLANG_WARN_INT_CONVERSION = YES;
				CLANG_WARN_NON_LITERAL_NULL_CONVERSION = YES;
				CLANG_WARN_OBJC_IMPLICIT_RETAIN_SELF = YES;
				CLANG_WARN_OBJC_LITERAL_CONVERSION = YES;
				CLANG_WARN_OBJC_ROOT_CLASS = YES_ERROR;
				CLANG_WARN_QUOTED_INCLUDE_IN_FRAMEWORK_HEADER = YES;
				CLANG_WARN_RANGE_LOOP_ANALYSIS = YES;
				CLANG_WARN_STRICT_PROTOTYPES = YES;
				CLANG_WARN_SUSPICIOUS_MOVE = YES;
				CLANG_WARN_UNGUARDED_AVAILABILITY = YES_AGGRESSIVE;
				CLANG_WARN_UNREACHABLE_CODE = YES;
				CLANG_WARN__DUPLICATE_METHOD_MATCH = YES;
				COPY_PHASE_STRIP = NO;
				DEBUG_INFORMATION_FORMAT = "dwarf-with-dsym";
				ENABLE_NS_ASSERTIONS = NO;
				ENABLE_STRICT_OBJC_MSGSEND = YES;
				GCC_C_LANGUAGE_STANDARD = gnu11;
				GCC_NO_COMMON_BLOCKS = YES;
				GCC_WARN_64_TO_32_BIT_CONVERSION = YES;
				GCC_WARN_ABOUT_RETURN_TYPE = YES_ERROR;
				GCC_WARN_UNDECLARED_SELECTOR = YES;
				GCC_WARN_UNINITIALIZED_AUTOS = YES_AGGRESSIVE;
				GCC_WARN_UNUSED_FUNCTION = YES;
				GCC_WARN_UNUSED_VARIABLE = YES;
				IPHONEOS_DEPLOYMENT_TARGET = 16.2;
				MTL_ENABLE_DEBUG_INFO = NO;
				MTL_FAST_MATH = YES;
				SDKROOT = iphoneos;
				SWIFT_COMPILATION_MODE = wholemodule;
				SWIFT_OPTIMIZATION_LEVEL = "-O";
				VALIDATE_PRODUCT = YES;
			};
			name = Release;
		};
		D32A252729BF0973002089E7 /* Debug */ = {
			isa = XCBuildConfiguration;
			buildSettings = {
				ASSETCATALOG_COMPILER_APPICON_NAME = AppIcon;
				ASSETCATALOG_COMPILER_GLOBAL_ACCENT_COLOR_NAME = AccentColor;
				CODE_SIGN_STYLE = Automatic;
				CURRENT_PROJECT_VERSION = 1;
				GENERATE_INFOPLIST_FILE = YES;
				INFOPLIST_FILE = Alert/Info.plist;
				INFOPLIST_KEY_UIApplicationSupportsIndirectInputEvents = YES;
				INFOPLIST_KEY_UILaunchStoryboardName = LaunchScreen;
				INFOPLIST_KEY_UIMainStoryboardFile = Main;
				INFOPLIST_KEY_UISupportedInterfaceOrientations_iPad = "UIInterfaceOrientationPortrait UIInterfaceOrientationPortraitUpsideDown UIInterfaceOrientationLandscapeLeft UIInterfaceOrientationLandscapeRight";
				INFOPLIST_KEY_UISupportedInterfaceOrientations_iPhone = "UIInterfaceOrientationPortrait UIInterfaceOrientationLandscapeLeft UIInterfaceOrientationLandscapeRight";
				LD_RUNPATH_SEARCH_PATHS = (
					"$(inherited)",
					"@executable_path/Frameworks",
				);
				MARKETING_VERSION = 1.0;
				PRODUCT_BUNDLE_IDENTIFIER = com.yourcompany.Alert;
				PRODUCT_NAME = "$(TARGET_NAME)";
				SWIFT_EMIT_LOC_STRINGS = YES;
				SWIFT_VERSION = 5.0;
				TARGETED_DEVICE_FAMILY = "1,2";
			};
			name = Debug;
		};
		D32A252829BF0973002089E7 /* Release */ = {
			isa = XCBuildConfiguration;
			buildSettings = {
				ASSETCATALOG_COMPILER_APPICON_NAME = AppIcon;
				ASSETCATALOG_COMPILER_GLOBAL_ACCENT_COLOR_NAME = AccentColor;
				CODE_SIGN_STYLE = Automatic;
				CURRENT_PROJECT_VERSION = 1;
				GENERATE_INFOPLIST_FILE = YES;
				INFOPLIST_FILE = Alert/Info.plist;
				INFOPLIST_KEY_UIApplicationSupportsIndirectInputEvents = YES;
				INFOPLIST_KEY_UILaunchStoryboardName = LaunchScreen;
				INFOPLIST_KEY_UIMainStoryboardFile = Main;
				INFOPLIST_KEY_UISupportedInterfaceOrientations_iPad = "UIInterfaceOrientationPortrait UIInterfaceOrientationPortraitUpsideDown UIInterfaceOrientationLandscapeLeft UIInterfaceOrientationLandscapeRight";
				INFOPLIST_KEY_UISupportedInterfaceOrientations_iPhone = "UIInterfaceOrientationPortrait UIInterfaceOrientationLandscapeLeft UIInterfaceOrientationLandscapeRight";
				LD_RUNPATH_SEARCH_PATHS = (
					"$(inherited)",
					"@executable_path/Frameworks",
				);
				MARKETING_VERSION = 1.0;
				PRODUCT_BUNDLE_IDENTIFIER = com.yourcompany.Alert;
				PRODUCT_NAME = "$(TARGET_NAME)";
				SWIFT_EMIT_LOC_STRINGS = YES;
				SWIFT_VERSION = 5.0;
				TARGETED_DEVICE_FAMILY = "1,2";
			};
			name = Release;
		};
		D32A252A29BF0973002089E7 /* Debug */ = {
			isa = XCBuildConfiguration;
			buildSettings = {
				ALWAYS_EMBED_SWIFT_STANDARD_LIBRARIES = YES;
				BUNDLE_LOADER = "$(TEST_HOST)";
				CODE_SIGN_STYLE = Automatic;
				CURRENT_PROJECT_VERSION = 1;
				GENERATE_INFOPLIST_FILE = YES;
				IPHONEOS_DEPLOYMENT_TARGET = 16.2;
				MARKETING_VERSION = 1.0;
				PRODUCT_BUNDLE_IDENTIFIER = com.yourcompany.AlertTests;
				PRODUCT_NAME = "$(TARGET_NAME)";
				SWIFT_EMIT_LOC_STRINGS = NO;
				SWIFT_VERSION = 5.0;
				TARGETED_DEVICE_FAMILY = "1,2";
				TEST_HOST = "$(BUILT_PRODUCTS_DIR)/Alert.app/$(BUNDLE_EXECUTABLE_FOLDER_PATH)/Alert";
			};
			name = Debug;
		};
		D32A252B29BF0973002089E7 /* Release */ = {
			isa = XCBuildConfiguration;
			buildSettings = {
				ALWAYS_EMBED_SWIFT_STANDARD_LIBRARIES = YES;
				BUNDLE_LOADER = "$(TEST_HOST)";
				CODE_SIGN_STYLE = Automatic;
				CURRENT_PROJECT_VERSION = 1;
				GENERATE_INFOPLIST_FILE = YES;
				IPHONEOS_DEPLOYMENT_TARGET = 16.2;
				MARKETING_VERSION = 1.0;
				PRODUCT_BUNDLE_IDENTIFIER = com.yourcompany.AlertTests;
				PRODUCT_NAME = "$(TARGET_NAME)";
				SWIFT_EMIT_LOC_STRINGS = NO;
				SWIFT_VERSION = 5.0;
				TARGETED_DEVICE_FAMILY = "1,2";
				TEST_HOST = "$(BUILT_PRODUCTS_DIR)/Alert.app/$(BUNDLE_EXECUTABLE_FOLDER_PATH)/Alert";
			};
			name = Release;
		};
		D32A252D29BF0973002089E7 /* Debug */ = {
			isa = XCBuildConfiguration;
			buildSettings = {
				ALWAYS_EMBED_SWIFT_STANDARD_LIBRARIES = YES;
				CODE_SIGN_STYLE = Automatic;
				CURRENT_PROJECT_VERSION = 1;
				GENERATE_INFOPLIST_FILE = YES;
				MARKETING_VERSION = 1.0;
				PRODUCT_BUNDLE_IDENTIFIER = com.yourcompany.AlertUITests;
				PRODUCT_NAME = "$(TARGET_NAME)";
				SWIFT_EMIT_LOC_STRINGS = NO;
				SWIFT_VERSION = 5.0;
				TARGETED_DEVICE_FAMILY = "1,2";
				TEST_TARGET_NAME = Alert;
			};
			name = Debug;
		};
		D32A252E29BF0973002089E7 /* Release */ = {
			isa = XCBuildConfiguration;
			buildSettings = {
				ALWAYS_EMBED_SWIFT_STANDARD_LIBRARIES = YES;
				CODE_SIGN_STYLE = Automatic;
				CURRENT_PROJECT_VERSION = 1;
				GENERATE_INFOPLIST_FILE = YES;
				MARKETING_VERSION = 1.0;
				PRODUCT_BUNDLE_IDENTIFIER = com.yourcompany.AlertUITests;
				PRODUCT_NAME = "$(TARGET_NAME)";
				SWIFT_EMIT_LOC_STRINGS = NO;
				SWIFT_VERSION = 5.0;
				TARGETED_DEVICE_FAMILY = "1,2";
				TEST_TARGET_NAME = Alert;
			};
			name = Release;
		};
/* End XCBuildConfiguration section */

/* Begin XCConfigurationList section */
		D32A24F729BF0971002089E7 /* Build configuration list for PBXProject "Alert" */ = {
			isa = XCConfigurationList;
			buildConfigurations = (
				D32A252429BF0973002089E7 /* Debug */,
				D32A252529BF0973002089E7 /* Release */,
			);
			defaultConfigurationIsVisible = 0;
			defaultConfigurationName = Release;
		};
		D32A252629BF0973002089E7 /* Build configuration list for PBXNativeTarget "Alert" */ = {
			isa = XCConfigurationList;
			buildConfigurations = (
				D32A252729BF0973002089E7 /* Debug */,
				D32A252829BF0973002089E7 /* Release */,
			);
			defaultConfigurationIsVisible = 0;
			defaultConfigurationName = Release;
		};
		D32A252929BF0973002089E7 /* Build configuration list for PBXNativeTarget "AlertTests" */ = {
			isa = XCConfigurationList;
			buildConfigurations = (
				D32A252A29BF0973002089E7 /* Debug */,
				D32A252B29BF0973002089E7 /* Release */,
			);
			defaultConfigurationIsVisible = 0;
			defaultConfigurationName = Release;
		};
		D32A252C29BF0973002089E7 /* Build configuration list for PBXNativeTarget "AlertUITests" */ = {
			isa = XCConfigurationList;
			buildConfigurations = (
				D32A252D29BF0973002089E7 /* Debug */,
				D32A252E29BF0973002089E7 /* Release */,
			);
			defaultConfigurationIsVisible = 0;
			defaultConfigurationName = Release;
		};
/* End XCConfigurationList section */
	};
	rootObject = D32A24F429BF0971002089E7 /* Project object */;
}
